
Microsoft Visual Studio Solution File, Format Version 12.00
# Visual Studio Version 17
VisualStudioVersion = 17.3.32929.385
MinimumVisualStudioVersion = 10.0.40219.1
Project("{9A19103F-16F7-4668-BE54-9A1E7A4F7556}") = "CommandLineCommands", "CommandLineCommands/DigitalZenWorks.CommandLine.Commands.csproj", "{94C275A3-5D01-4B76-9B8F-8948CE6BBEED}"
EndProject
Project("{9A19103F-16F7-4668-BE54-9A1E7A4F7556}") = "CommandLineCommands.Tests", "CommandLineCommands.Tests/DigitalZenWorks.CommandLine.Commands.Tests.csproj", "{B7C11725-B058-4279-9EA9-3DDEE9EE2D70}"
EndProject
Global
	GlobalSection(SolutionConfigurationPlatforms) = preSolution
		Debug|Any CPU = Debug|Any CPU
		Release|Any CPU = Release|Any CPU
	EndGlobalSection
	GlobalSection(ProjectConfigurationPlatforms) = postSolution
		{94C275A3-5D01-4B76-9B8F-8948CE6BBEED}.Debug|Any CPU.ActiveCfg = Debug|Any CPU
		{94C275A3-5D01-4B76-9B8F-8948CE6BBEED}.Debug|Any CPU.Build.0 = Debug|Any CPU
		{94C275A3-5D01-4B76-9B8F-8948CE6BBEED}.Release|Any CPU.ActiveCfg = Release|Any CPU
		{94C275A3-5D01-4B76-9B8F-8948CE6BBEED}.Release|Any CPU.Build.0 = Release|Any CPU
		{B7C11725-B058-4279-9EA9-3DDEE9EE2D70}.Debug|Any CPU.ActiveCfg = Debug|Any CPU
		{B7C11725-B058-4279-9EA9-3DDEE9EE2D70}.Debug|Any CPU.Build.0 = Debug|Any CPU
		{B7C11725-B058-4279-9EA9-3DDEE9EE2D70}.Release|Any CPU.ActiveCfg = Release|Any CPU
		{B7C11725-B058-4279-9EA9-3DDEE9EE2D70}.Release|Any CPU.Build.0 = Release|Any CPU
	EndGlobalSection
	GlobalSection(SolutionProperties) = preSolution
		HideSolutionNode = FALSE
	EndGlobalSection
	GlobalSection(ExtensibilityGlobals) = postSolution
		SolutionGuid = {3F1F9B8D-C326-40D1-89A9-3AFC50925046}
	EndGlobalSection
EndGlobal
